
Microsoft Visual Studio Solution File, Format Version 12.00
# Visual Studio Version 16
VisualStudioVersion = 16.0.31410.357
MinimumVisualStudioVersion = 10.0.40219.1
Project("{FAE04EC0-301F-11D3-BF4B-00C04F79EFBC}") = "addressbook-web-tests", "addressbook-web-tests.csproj", "{9A196FAD-59F7-41BD-81E2-597A159B3729}"
EndProject
Project("{FAE04EC0-301F-11D3-BF4B-00C04F79EFBC}") = "addressbook-test-data-generators", "..\addressbook-test-data-generators\addressbook-test-data-generators.csproj", "{B56D7498-3BF9-4F53-8219-A9742D1C4C26}"
	ProjectSection(ProjectDependencies) = postProject
		{9A196FAD-59F7-41BD-81E2-597A159B3729} = {9A196FAD-59F7-41BD-81E2-597A159B3729}
	EndProjectSection
EndProject
Global
	GlobalSection(SolutionConfigurationPlatforms) = preSolution
		Debug|Any CPU = Debug|Any CPU
		Release|Any CPU = Release|Any CPU
	EndGlobalSection
	GlobalSection(ProjectConfigurationPlatforms) = postSolution
		{9A196FAD-59F7-41BD-81E2-597A159B3729}.Debug|Any CPU.ActiveCfg = Debug|Any CPU
		{9A196FAD-59F7-41BD-81E2-597A159B3729}.Debug|Any CPU.Build.0 = Debug|Any CPU
		{9A196FAD-59F7-41BD-81E2-597A159B3729}.Release|Any CPU.ActiveCfg = Release|Any CPU
		{9A196FAD-59F7-41BD-81E2-597A159B3729}.Release|Any CPU.Build.0 = Release|Any CPU
		{B56D7498-3BF9-4F53-8219-A9742D1C4C26}.Debug|Any CPU.ActiveCfg = Debug|Any CPU
		{B56D7498-3BF9-4F53-8219-A9742D1C4C26}.Debug|Any CPU.Build.0 = Debug|Any CPU
		{B56D7498-3BF9-4F53-8219-A9742D1C4C26}.Release|Any CPU.ActiveCfg = Release|Any CPU
		{B56D7498-3BF9-4F53-8219-A9742D1C4C26}.Release|Any CPU.Build.0 = Release|Any CPU
	EndGlobalSection
	GlobalSection(SolutionProperties) = preSolution
		HideSolutionNode = FALSE
	EndGlobalSection
	GlobalSection(ExtensibilityGlobals) = postSolution
		SolutionGuid = {E4570788-E4DD-4D1D-BB90-11F392AA734B}
	EndGlobalSection
EndGlobal
